
Microsoft Visual Studio Solution File, Format Version 12.00
# Visual Studio Version 17
VisualStudioVersion = 17.5.33530.505
MinimumVisualStudioVersion = 10.0.40219.1
Project("{F184B08F-C81C-45F6-A57F-5ABD9991F28F}") = "enrollmentForm", "enrollmentForm.vbproj", "{6E8F203B-CBE0-4079-9882-FFA76D29C270}"
EndProject
Global
	GlobalSection(SolutionConfigurationPlatforms) = preSolution
		Debug|Any CPU = Debug|Any CPU
		Release|Any CPU = Release|Any CPU
	EndGlobalSection
	GlobalSection(ProjectConfigurationPlatforms) = postSolution
		{6E8F203B-CBE0-4079-9882-FFA76D29C270}.Debug|Any CPU.ActiveCfg = Debug|Any CPU
		{6E8F203B-CBE0-4079-9882-FFA76D29C270}.Debug|Any CPU.Build.0 = Debug|Any CPU
		{6E8F203B-CBE0-4079-9882-FFA76D29C270}.Release|Any CPU.ActiveCfg = Release|Any CPU
		{6E8F203B-CBE0-4079-9882-FFA76D29C270}.Release|Any CPU.Build.0 = Release|Any CPU
	EndGlobalSection
	GlobalSection(SolutionProperties) = preSolution
		HideSolutionNode = FALSE
	EndGlobalSection
	GlobalSection(ExtensibilityGlobals) = postSolution
		SolutionGuid = {51A20FE8-E2E8-4592-A011-97EBF40A9FB3}
	EndGlobalSection
EndGlobal
